
Microsoft Visual Studio Solution File, Format Version 12.00
# Visual Studio Version 16
VisualStudioVersion = 16.0.31515.178
MinimumVisualStudioVersion = 10.0.40219.1
Project("{8BC9CEB8-8B4A-11D0-8D11-00A0C91BC942}") = "demo_core", "demo_core\demo_core.vcxproj", "{C854983A-0334-4FFF-9E1E-9D5D73DD3D9E}"
EndProject
Project("{8BC9CEB8-8B4A-11D0-8D11-00A0C91BC942}") = "demo_cli", "demo_cli\demo_cli.vcxproj", "{74FB1F58-6915-447D-97F0-23EEED78B59B}"
EndProject
Project("{FAE04EC0-301F-11D3-BF4B-00C04F79EFBC}") = "demo_cs", "demo_cs\demo_cs.csproj", "{FCC3E6A6-106F-4639-AF98-23784AC07199}"
EndProject
Global
	GlobalSection(SolutionConfigurationPlatforms) = preSolution
		Debug|Any CPU = Debug|Any CPU
		Debug|x64 = Debug|x64
		Debug|x86 = Debug|x86
		Release|Any CPU = Release|Any CPU
		Release|x64 = Release|x64
		Release|x86 = Release|x86
	EndGlobalSection
	GlobalSection(ProjectConfigurationPlatforms) = postSolution
		{C854983A-0334-4FFF-9E1E-9D5D73DD3D9E}.Debug|Any CPU.ActiveCfg = Debug|Win32
		{C854983A-0334-4FFF-9E1E-9D5D73DD3D9E}.Debug|x64.ActiveCfg = Debug|x64
		{C854983A-0334-4FFF-9E1E-9D5D73DD3D9E}.Debug|x64.Build.0 = Debug|x64
		{C854983A-0334-4FFF-9E1E-9D5D73DD3D9E}.Debug|x86.ActiveCfg = Debug|Win32
		{C854983A-0334-4FFF-9E1E-9D5D73DD3D9E}.Debug|x86.Build.0 = Debug|Win32
		{C854983A-0334-4FFF-9E1E-9D5D73DD3D9E}.Release|Any CPU.ActiveCfg = Release|Win32
		{C854983A-0334-4FFF-9E1E-9D5D73DD3D9E}.Release|x64.ActiveCfg = Release|x64
		{C854983A-0334-4FFF-9E1E-9D5D73DD3D9E}.Release|x64.Build.0 = Release|x64
		{C854983A-0334-4FFF-9E1E-9D5D73DD3D9E}.Release|x86.ActiveCfg = Release|Win32
		{C854983A-0334-4FFF-9E1E-9D5D73DD3D9E}.Release|x86.Build.0 = Release|Win32
		{74FB1F58-6915-447D-97F0-23EEED78B59B}.Debug|Any CPU.ActiveCfg = Debug|Win32
		{74FB1F58-6915-447D-97F0-23EEED78B59B}.Debug|x64.ActiveCfg = Debug|x64
		{74FB1F58-6915-447D-97F0-23EEED78B59B}.Debug|x64.Build.0 = Debug|x64
		{74FB1F58-6915-447D-97F0-23EEED78B59B}.Debug|x86.ActiveCfg = Debug|Win32
		{74FB1F58-6915-447D-97F0-23EEED78B59B}.Debug|x86.Build.0 = Debug|Win32
		{74FB1F58-6915-447D-97F0-23EEED78B59B}.Release|Any CPU.ActiveCfg = Release|Win32
		{74FB1F58-6915-447D-97F0-23EEED78B59B}.Release|x64.ActiveCfg = Release|x64
		{74FB1F58-6915-447D-97F0-23EEED78B59B}.Release|x64.Build.0 = Release|x64
		{74FB1F58-6915-447D-97F0-23EEED78B59B}.Release|x86.ActiveCfg = Release|Win32
		{74FB1F58-6915-447D-97F0-23EEED78B59B}.Release|x86.Build.0 = Release|Win32
		{FCC3E6A6-106F-4639-AF98-23784AC07199}.Debug|Any CPU.ActiveCfg = Debug|Any CPU
		{FCC3E6A6-106F-4639-AF98-23784AC07199}.Debug|Any CPU.Build.0 = Debug|Any CPU
		{FCC3E6A6-106F-4639-AF98-23784AC07199}.Debug|x64.ActiveCfg = Debug|Any CPU
		{FCC3E6A6-106F-4639-AF98-23784AC07199}.Debug|x64.Build.0 = Debug|Any CPU
		{FCC3E6A6-106F-4639-AF98-23784AC07199}.Debug|x86.ActiveCfg = Debug|Any CPU
		{FCC3E6A6-106F-4639-AF98-23784AC07199}.Debug|x86.Build.0 = Debug|Any CPU
		{FCC3E6A6-106F-4639-AF98-23784AC07199}.Release|Any CPU.ActiveCfg = Release|Any CPU
		{FCC3E6A6-106F-4639-AF98-23784AC07199}.Release|Any CPU.Build.0 = Release|Any CPU
		{FCC3E6A6-106F-4639-AF98-23784AC07199}.Release|x64.ActiveCfg = Release|Any CPU
		{FCC3E6A6-106F-4639-AF98-23784AC07199}.Release|x64.Build.0 = Release|Any CPU
		{FCC3E6A6-106F-4639-AF98-23784AC07199}.Release|x86.ActiveCfg = Release|Any CPU
		{FCC3E6A6-106F-4639-AF98-23784AC07199}.Release|x86.Build.0 = Release|Any CPU
	EndGlobalSection
	GlobalSection(SolutionProperties) = preSolution
		HideSolutionNode = FALSE
	EndGlobalSection
	GlobalSection(ExtensibilityGlobals) = postSolution
		SolutionGuid = {FF027DAF-A509-4B28-8F51-20E4F79C5015}
	EndGlobalSection
EndGlobal
